
Microsoft Visual Studio Solution File, Format Version 12.00
# Visual Studio Version 17
VisualStudioVersion = 17.0.31903.59
MinimumVisualStudioVersion = 10.0.40219.1
Project("{FAE04EC0-301F-11D3-BF4B-00C04F79EFBC}") = "LawVersion.Core", "LawVersion.Core\LawVersion.Core.csproj", "{8CC85CFE-DAE0-49D2-8EEC-D312521FD58A}"
EndProject
Project("{FAE04EC0-301F-11D3-BF4B-00C04F79EFBC}") = "LawVersion.Network", "LawVersion.Network\LawVersion.Network.csproj", "{1E83B2A4-47A2-4FDD-B215-E4C793C63D52}"
EndProject
Project("{FAE04EC0-301F-11D3-BF4B-00C04F79EFBC}") = "LawVersion.UI", "LawVersion.UI\LawVersion.UI.csproj", "{A290A3DC-F739-4FB9-BB9B-907F67729D19}"
EndProject
Project("{FAE04EC0-301F-11D3-BF4B-00C04F79EFBC}") = "LawVersion.Tests", "LawVersion.Tests\LawVersion.Tests.csproj", "{5E5B344C-1A64-453D-B55C-82E9D0CA32ED}"
EndProject
Global
	GlobalSection(SolutionConfigurationPlatforms) = preSolution
		Debug|Any CPU = Debug|Any CPU
		Release|Any CPU = Release|Any CPU
	EndGlobalSection
	GlobalSection(SolutionProperties) = preSolution
		HideSolutionNode = FALSE
	EndGlobalSection
	GlobalSection(ProjectConfigurationPlatforms) = postSolution
		{8CC85CFE-DAE0-49D2-8EEC-D312521FD58A}.Debug|Any CPU.ActiveCfg = Debug|Any CPU
		{8CC85CFE-DAE0-49D2-8EEC-D312521FD58A}.Debug|Any CPU.Build.0 = Debug|Any CPU
		{8CC85CFE-DAE0-49D2-8EEC-D312521FD58A}.Release|Any CPU.ActiveCfg = Release|Any CPU
		{8CC85CFE-DAE0-49D2-8EEC-D312521FD58A}.Release|Any CPU.Build.0 = Release|Any CPU
		{1E83B2A4-47A2-4FDD-B215-E4C793C63D52}.Debug|Any CPU.ActiveCfg = Debug|Any CPU
		{1E83B2A4-47A2-4FDD-B215-E4C793C63D52}.Debug|Any CPU.Build.0 = Debug|Any CPU
		{1E83B2A4-47A2-4FDD-B215-E4C793C63D52}.Release|Any CPU.ActiveCfg = Release|Any CPU
		{1E83B2A4-47A2-4FDD-B215-E4C793C63D52}.Release|Any CPU.Build.0 = Release|Any CPU
		{A290A3DC-F739-4FB9-BB9B-907F67729D19}.Debug|Any CPU.ActiveCfg = Debug|Any CPU
		{A290A3DC-F739-4FB9-BB9B-907F67729D19}.Debug|Any CPU.Build.0 = Debug|Any CPU
		{A290A3DC-F739-4FB9-BB9B-907F67729D19}.Release|Any CPU.ActiveCfg = Release|Any CPU
		{A290A3DC-F739-4FB9-BB9B-907F67729D19}.Release|Any CPU.Build.0 = Release|Any CPU
		{5E5B344C-1A64-453D-B55C-82E9D0CA32ED}.Debug|Any CPU.ActiveCfg = Debug|Any CPU
		{5E5B344C-1A64-453D-B55C-82E9D0CA32ED}.Debug|Any CPU.Build.0 = Debug|Any CPU
		{5E5B344C-1A64-453D-B55C-82E9D0CA32ED}.Release|Any CPU.ActiveCfg = Release|Any CPU
		{5E5B344C-1A64-453D-B55C-82E9D0CA32ED}.Release|Any CPU.Build.0 = Release|Any CPU
	EndGlobalSection
EndGlobal
